{
  "name": "example-npm-package-consumer",
  "version": "1.0.0",
  "lockfileVersion": 1,
  "requires": true,
  "dependencies": {
    "@jedrzejczak/example-npm-package": {
      "version": "2.0.0",
      "resolved": "https://registry.npmjs.org/@jedrzejczak/example-npm-package/-/example-npm-package-2.0.0.tgz",
      "integrity": "sha512-2ksf1K0gypfVeHNbDfsoBW+dniP29IzlB6bUjab7C6SBxr1M5B7pwG6NKle3rPL+Htgo/MPhrZopbRPxPpR3tw=="
    }
  }
}
