{
  "name": "example-npm-package-consumer",
  "version": "1.0.0",
  "lockfileVersion": 1,
  "requires": true,
  "dependencies": {
    "@jedrzejczak/example-npm-package": {
      "version": "1.0.1",
      "resolved": "https://registry.npmjs.org/@jedrzejczak/example-npm-package/-/example-npm-package-1.0.1.tgz",
      "integrity": "sha512-3xOxoc10vp9/ic6OmuJKLtVdVm1PdpGBFvrLSHs93PNw/NB12fA975LpN2adjFTKf1Y7oZym2BccVBHHW04cMg=="
    }
  }
}
